// !$*UTF8*$!
{
	archiveVersion = 1;
	classes = {
	};
	objectVersion = 46;
	objects = {

/* Begin PBXBuildFile section */
		0243DAE91ED75EF000CEE189 /* Icelink.h in Headers */ = {isa = PBXBuildFile; fileRef = 0243DAE71ED75EF000CEE189 /* Icelink.h */; settings = {ATTRIBUTES = (Public, ); }; };
		02CF283F1ED7672A00BB1729 /* VideoToolbox.framework in Frameworks */ = {isa = PBXBuildFile; fileRef = 02CF283E1ED7672A00BB1729 /* VideoToolbox.framework */; };
		02CF28411ED7673300BB1729 /* AudioToolbox.framework in Frameworks */ = {isa = PBXBuildFile; fileRef = 02CF28401ED7673300BB1729 /* AudioToolbox.framework */; };
		02CF28431ED7674400BB1729 /* OpenGLES.framework in Frameworks */ = {isa = PBXBuildFile; fileRef = 02CF28421ED7674400BB1729 /* OpenGLES.framework */; };
		02CF28451ED7674F00BB1729 /* GLKit.framework in Frameworks */ = {isa = PBXBuildFile; fileRef = 02CF28441ED7674F00BB1729 /* GLKit.framework */; };
		02CF28471ED7676100BB1729 /* AVFoundation.framework in Frameworks */ = {isa = PBXBuildFile; fileRef = 02CF28461ED7676100BB1729 /* AVFoundation.framework */; };
		02CF28491ED7676800BB1729 /* CFNetwork.framework in Frameworks */ = {isa = PBXBuildFile; fileRef = 02CF28481ED7676800BB1729 /* CFNetwork.framework */; };
		02CF284B1ED7677200BB1729 /* Security.framework in Frameworks */ = {isa = PBXBuildFile; fileRef = 02CF284A1ED7677200BB1729 /* Security.framework */; };
		02CF284D1ED7678000BB1729 /* CoreVideo.framework in Frameworks */ = {isa = PBXBuildFile; fileRef = 02CF284C1ED7678000BB1729 /* CoreVideo.framework */; };
		02CF284F1ED7678600BB1729 /* CoreMedia.framework in Frameworks */ = {isa = PBXBuildFile; fileRef = 02CF284E1ED7678600BB1729 /* CoreMedia.framework */; };
		02CF28511ED7679400BB1729 /* CoreGraphics.framework in Frameworks */ = {isa = PBXBuildFile; fileRef = 02CF28501ED7679400BB1729 /* CoreGraphics.framework */; };
		02CF28531ED767B500BB1729 /* UIKit.framework in Frameworks */ = {isa = PBXBuildFile; fileRef = 02CF28521ED767B500BB1729 /* UIKit.framework */; };
		02CF28551ED767BC00BB1729 /* Foundation.framework in Frameworks */ = {isa = PBXBuildFile; fileRef = 02CF28541ED767BC00BB1729 /* Foundation.framework */; };
		02CF28571ED767D200BB1729 /* libz.tbd in Frameworks */ = {isa = PBXBuildFile; fileRef = 02CF28561ED767D200BB1729 /* libz.tbd */; };
		EA45B83220AB093E006D08FC /* FMIceLinkXirSys.swift3.h in Headers */ = {isa = PBXBuildFile; fileRef = EA45B83120AB093E006D08FC /* FMIceLinkXirSys.swift3.h */; settings = {ATTRIBUTES = (Public, ); }; };
		EA45B83420AB099F006D08FC /* libFMIceLinkXirSys.a in Frameworks */ = {isa = PBXBuildFile; fileRef = EA45B83320AB099F006D08FC /* libFMIceLinkXirSys.a */; };
		EA82C3E420B55173007D0382 /* libFMIceLinkCallStats.a in Frameworks */ = {isa = PBXBuildFile; fileRef = EA82C3E020B55172007D0382 /* libFMIceLinkCallStats.a */; };
		EA82C3E520B55173007D0382 /* FMIceLinkXirSys.h in Headers */ = {isa = PBXBuildFile; fileRef = EA82C3E120B55172007D0382 /* FMIceLinkXirSys.h */; settings = {ATTRIBUTES = (Public, ); }; };
		EA82C3E620B55173007D0382 /* FMIceLinkCallStats.h in Headers */ = {isa = PBXBuildFile; fileRef = EA82C3E220B55172007D0382 /* FMIceLinkCallStats.h */; settings = {ATTRIBUTES = (Public, ); }; };
		EA82C3E720B55173007D0382 /* FMIceLinkCallStats.swift3.h in Headers */ = {isa = PBXBuildFile; fileRef = EA82C3E320B55173007D0382 /* FMIceLinkCallStats.swift3.h */; settings = {ATTRIBUTES = (Public, ); }; };
		EA82C3F620B551F9007D0382 /* FMWebSyncChat-Swift3.h in Headers */ = {isa = PBXBuildFile; fileRef = EA82C3E820B551F6007D0382 /* FMWebSyncChat-Swift3.h */; settings = {ATTRIBUTES = (Public, ); }; };
		EA82C3F720B551F9007D0382 /* FM-Swift3.h in Headers */ = {isa = PBXBuildFile; fileRef = EA82C3E920B551F6007D0382 /* FM-Swift3.h */; settings = {ATTRIBUTES = (Public, ); }; };
		EA82C3F820B551F9007D0382 /* FMWebSyncReturnData.h in Headers */ = {isa = PBXBuildFile; fileRef = EA82C3EA20B551F6007D0382 /* FMWebSyncReturnData.h */; settings = {ATTRIBUTES = (Public, ); }; };
		EA82C3F920B551F9007D0382 /* libFMWebSyncChat.a in Frameworks */ = {isa = PBXBuildFile; fileRef = EA82C3EB20B551F7007D0382 /* libFMWebSyncChat.a */; };
		EA82C3FA20B551F9007D0382 /* libFMWebSyncReturnData.a in Frameworks */ = {isa = PBXBuildFile; fileRef = EA82C3EC20B551F7007D0382 /* libFMWebSyncReturnData.a */; };
		EA82C3FB20B551F9007D0382 /* FMWebSyncSubscribers-Swift3.h in Headers */ = {isa = PBXBuildFile; fileRef = EA82C3ED20B551F7007D0382 /* FMWebSyncSubscribers-Swift3.h */; settings = {ATTRIBUTES = (Public, ); }; };
		EA82C3FC20B551F9007D0382 /* FMWebSync-Swift3.h in Headers */ = {isa = PBXBuildFile; fileRef = EA82C3EE20B551F7007D0382 /* FMWebSync-Swift3.h */; settings = {ATTRIBUTES = (Public, ); }; };
		EA82C3FD20B551F9007D0382 /* libFM.a in Frameworks */ = {isa = PBXBuildFile; fileRef = EA82C3EF20B551F8007D0382 /* libFM.a */; };
		EA82C3FE20B551F9007D0382 /* libFMWebSyncSubscribers.a in Frameworks */ = {isa = PBXBuildFile; fileRef = EA82C3F020B551F8007D0382 /* libFMWebSyncSubscribers.a */; };
		EA82C3FF20B551F9007D0382 /* FMWebSyncSubscribers.h in Headers */ = {isa = PBXBuildFile; fileRef = EA82C3F120B551F8007D0382 /* FMWebSyncSubscribers.h */; settings = {ATTRIBUTES = (Public, ); }; };
		EA82C40020B551F9007D0382 /* FMWebSyncReturnData-Swift3.h in Headers */ = {isa = PBXBuildFile; fileRef = EA82C3F220B551F8007D0382 /* FMWebSyncReturnData-Swift3.h */; settings = {ATTRIBUTES = (Public, ); }; };
		EA82C40120B551F9007D0382 /* FMWebSync.h in Headers */ = {isa = PBXBuildFile; fileRef = EA82C3F320B551F9007D0382 /* FMWebSync.h */; settings = {ATTRIBUTES = (Public, ); }; };
		EA82C40220B551F9007D0382 /* FMWebSyncChat.h in Headers */ = {isa = PBXBuildFile; fileRef = EA82C3F420B551F9007D0382 /* FMWebSyncChat.h */; settings = {ATTRIBUTES = (Public, ); }; };
		EA82C40320B551F9007D0382 /* libFMWebSync.a in Frameworks */ = {isa = PBXBuildFile; fileRef = EA82C3F520B551F9007D0382 /* libFMWebSync.a */; };
		EA8FC8EA208DB9590088A368 /* FMIceLink.h in Headers */ = {isa = PBXBuildFile; fileRef = EA8FC8CE208DB9560088A368 /* FMIceLink.h */; settings = {ATTRIBUTES = (Public, ); }; };
		EA8FC8ED208DB9590088A368 /* FMIceLinkWebSync4.h in Headers */ = {isa = PBXBuildFile; fileRef = EA8FC8D1208DB9560088A368 /* FMIceLinkWebSync4.h */; settings = {ATTRIBUTES = (Public, ); }; };
		EA8FC8EE208DB9590088A368 /* FMIceLinkCocoa.h in Headers */ = {isa = PBXBuildFile; fileRef = EA8FC8D2208DB9560088A368 /* FMIceLinkCocoa.h */; settings = {ATTRIBUTES = (Public, ); }; };
		EA8FC8EF208DB9590088A368 /* FMIceLinkVpx.swift3.h in Headers */ = {isa = PBXBuildFile; fileRef = EA8FC8D3208DB9560088A368 /* FMIceLinkVpx.swift3.h */; settings = {ATTRIBUTES = (Public, ); }; };
		EA8FC8F0208DB9590088A368 /* libFMIceLinkOpus.a in Frameworks */ = {isa = PBXBuildFile; fileRef = EA8FC8D4208DB9560088A368 /* libFMIceLinkOpus.a */; };
		EA8FC8F1208DB9590088A368 /* libFMIceLinkYuv.a in Frameworks */ = {isa = PBXBuildFile; fileRef = EA8FC8D5208DB9570088A368 /* libFMIceLinkYuv.a */; };
		EA8FC8F2208DB9590088A368 /* FMIceLinkOpus.swift3.h in Headers */ = {isa = PBXBuildFile; fileRef = EA8FC8D6208DB9570088A368 /* FMIceLinkOpus.swift3.h */; settings = {ATTRIBUTES = (Public, ); }; };
		EA8FC8F3208DB9590088A368 /* FMIceLinkCocoa.swift3.h in Headers */ = {isa = PBXBuildFile; fileRef = EA8FC8D7208DB9570088A368 /* FMIceLinkCocoa.swift3.h */; settings = {ATTRIBUTES = (Public, ); }; };
		EA8FC8F4208DB9590088A368 /* FMIceLinkWebSync4.swift3.h in Headers */ = {isa = PBXBuildFile; fileRef = EA8FC8D8208DB9570088A368 /* FMIceLinkWebSync4.swift3.h */; settings = {ATTRIBUTES = (Public, ); }; };
		EA8FC8F5208DB9590088A368 /* libFMIceLink_arm64.a in Frameworks */ = {isa = PBXBuildFile; fileRef = EA8FC8D9208DB9570088A368 /* libFMIceLink_arm64.a */; };
		EA8FC8F6208DB9590088A368 /* FMIceLinkOpus.h in Headers */ = {isa = PBXBuildFile; fileRef = EA8FC8DA208DB9570088A368 /* FMIceLinkOpus.h */; settings = {ATTRIBUTES = (Public, ); }; };
		EA8FC8F7208DB9590088A368 /* libFMIceLinkCocoa.a in Frameworks */ = {isa = PBXBuildFile; fileRef = EA8FC8DB208DB9570088A368 /* libFMIceLinkCocoa.a */; };
		EA8FC8F8208DB9590088A368 /* FMIceLink.swift3.h in Headers */ = {isa = PBXBuildFile; fileRef = EA8FC8DC208DB9570088A368 /* FMIceLink.swift3.h */; settings = {ATTRIBUTES = (Public, ); }; };
		EA8FC8FA208DB9590088A368 /* libFMIceLinkWebSync4.a in Frameworks */ = {isa = PBXBuildFile; fileRef = EA8FC8DE208DB9580088A368 /* libFMIceLinkWebSync4.a */; };
		EA8FC8FC208DB9590088A368 /* FMIceLinkVpx.h in Headers */ = {isa = PBXBuildFile; fileRef = EA8FC8E0208DB9580088A368 /* FMIceLinkVpx.h */; settings = {ATTRIBUTES = (Public, ); }; };
		EA8FC8FD208DB9590088A368 /* libFMIceLink_armv7s.a in Frameworks */ = {isa = PBXBuildFile; fileRef = EA8FC8E1208DB9580088A368 /* libFMIceLink_armv7s.a */; };
		EA8FC8FE208DB9590088A368 /* libFMIceLink_x86_64.a in Frameworks */ = {isa = PBXBuildFile; fileRef = EA8FC8E2208DB9580088A368 /* libFMIceLink_x86_64.a */; };
		EA8FC900208DB95A0088A368 /* libFMIceLink_armv7.a in Frameworks */ = {isa = PBXBuildFile; fileRef = EA8FC8E4208DB9580088A368 /* libFMIceLink_armv7.a */; };
		EA8FC901208DB95A0088A368 /* FMIceLinkYuv.h in Headers */ = {isa = PBXBuildFile; fileRef = EA8FC8E5208DB9580088A368 /* FMIceLinkYuv.h */; settings = {ATTRIBUTES = (Public, ); }; };
		EA8FC902208DB95A0088A368 /* libFMIceLink_i386.a in Frameworks */ = {isa = PBXBuildFile; fileRef = EA8FC8E6208DB9590088A368 /* libFMIceLink_i386.a */; };
		EA8FC903208DB95A0088A368 /* libFMIceLinkVpx.a in Frameworks */ = {isa = PBXBuildFile; fileRef = EA8FC8E7208DB9590088A368 /* libFMIceLinkVpx.a */; };
		EA8FC905208DB95A0088A368 /* FMIceLinkYuv.swift3.h in Headers */ = {isa = PBXBuildFile; fileRef = EA8FC8E9208DB9590088A368 /* FMIceLinkYuv.swift3.h */; settings = {ATTRIBUTES = (Public, ); }; };
		EAD16202208DD201008D2C7D /* FM.h in Headers */ = {isa = PBXBuildFile; fileRef = EAD16201208DD201008D2C7D /* FM.h */; settings = {ATTRIBUTES = (Public, ); }; };
/* End PBXBuildFile section */

/* Begin PBXFileReference section */
		0243DAE41ED75EF000CEE189 /* Icelink.framework */ = {isa = PBXFileReference; explicitFileType = wrapper.framework; includeInIndex = 0; path = Icelink.framework; sourceTree = BUILT_PRODUCTS_DIR; };
		0243DAE71ED75EF000CEE189 /* Icelink.h */ = {isa = PBXFileReference; lastKnownFileType = sourcecode.c.h; path = Icelink.h; sourceTree = "<group>"; };
		0243DAE81ED75EF000CEE189 /* Info.plist */ = {isa = PBXFileReference; lastKnownFileType = text.plist.xml; path = Info.plist; sourceTree = "<group>"; };
		02CF283E1ED7672A00BB1729 /* VideoToolbox.framework */ = {isa = PBXFileReference; lastKnownFileType = wrapper.framework; name = VideoToolbox.framework; path = System/Library/Frameworks/VideoToolbox.framework; sourceTree = SDKROOT; };
		02CF28401ED7673300BB1729 /* AudioToolbox.framework */ = {isa = PBXFileReference; lastKnownFileType = wrapper.framework; name = AudioToolbox.framework; path = System/Library/Frameworks/AudioToolbox.framework; sourceTree = SDKROOT; };
		02CF28421ED7674400BB1729 /* OpenGLES.framework */ = {isa = PBXFileReference; lastKnownFileType = wrapper.framework; name = OpenGLES.framework; path = System/Library/Frameworks/OpenGLES.framework; sourceTree = SDKROOT; };
		02CF28441ED7674F00BB1729 /* GLKit.framework */ = {isa = PBXFileReference; lastKnownFileType = wrapper.framework; name = GLKit.framework; path = System/Library/Frameworks/GLKit.framework; sourceTree = SDKROOT; };
		02CF28461ED7676100BB1729 /* AVFoundation.framework */ = {isa = PBXFileReference; lastKnownFileType = wrapper.framework; name = AVFoundation.framework; path = System/Library/Frameworks/AVFoundation.framework; sourceTree = SDKROOT; };
		02CF28481ED7676800BB1729 /* CFNetwork.framework */ = {isa = PBXFileReference; lastKnownFileType = wrapper.framework; name = CFNetwork.framework; path = System/Library/Frameworks/CFNetwork.framework; sourceTree = SDKROOT; };
		02CF284A1ED7677200BB1729 /* Security.framework */ = {isa = PBXFileReference; lastKnownFileType = wrapper.framework; name = Security.framework; path = System/Library/Frameworks/Security.framework; sourceTree = SDKROOT; };
		02CF284C1ED7678000BB1729 /* CoreVideo.framework */ = {isa = PBXFileReference; lastKnownFileType = wrapper.framework; name = CoreVideo.framework; path = System/Library/Frameworks/CoreVideo.framework; sourceTree = SDKROOT; };
		02CF284E1ED7678600BB1729 /* CoreMedia.framework */ = {isa = PBXFileReference; lastKnownFileType = wrapper.framework; name = CoreMedia.framework; path = System/Library/Frameworks/CoreMedia.framework; sourceTree = SDKROOT; };
		02CF28501ED7679400BB1729 /* CoreGraphics.framework */ = {isa = PBXFileReference; lastKnownFileType = wrapper.framework; name = CoreGraphics.framework; path = System/Library/Frameworks/CoreGraphics.framework; sourceTree = SDKROOT; };
		02CF28521ED767B500BB1729 /* UIKit.framework */ = {isa = PBXFileReference; lastKnownFileType = wrapper.framework; name = UIKit.framework; path = System/Library/Frameworks/UIKit.framework; sourceTree = SDKROOT; };
		02CF28541ED767BC00BB1729 /* Foundation.framework */ = {isa = PBXFileReference; lastKnownFileType = wrapper.framework; name = Foundation.framework; path = System/Library/Frameworks/Foundation.framework; sourceTree = SDKROOT; };
		02CF28561ED767D200BB1729 /* libz.tbd */ = {isa = PBXFileReference; lastKnownFileType = "sourcecode.text-based-dylib-definition"; name = libz.tbd; path = usr/lib/libz.tbd; sourceTree = SDKROOT; };
		EA45B83120AB093E006D08FC /* FMIceLinkXirSys.swift3.h */ = {isa = PBXFileReference; fileEncoding = 4; lastKnownFileType = sourcecode.c.h; name = FMIceLinkXirSys.swift3.h; path = lib/FMIceLinkXirSys.swift3.h; sourceTree = "<group>"; };
		EA45B83320AB099F006D08FC /* libFMIceLinkXirSys.a */ = {isa = PBXFileReference; lastKnownFileType = archive.ar; name = libFMIceLinkXirSys.a; path = lib/libFMIceLinkXirSys.a; sourceTree = "<group>"; };
		EA82C3E020B55172007D0382 /* libFMIceLinkCallStats.a */ = {isa = PBXFileReference; lastKnownFileType = archive.ar; name = libFMIceLinkCallStats.a; path = lib/libFMIceLinkCallStats.a; sourceTree = "<group>"; };
		EA82C3E120B55172007D0382 /* FMIceLinkXirSys.h */ = {isa = PBXFileReference; fileEncoding = 4; lastKnownFileType = sourcecode.c.h; name = FMIceLinkXirSys.h; path = lib/FMIceLinkXirSys.h; sourceTree = "<group>"; };
		EA82C3E220B55172007D0382 /* FMIceLinkCallStats.h */ = {isa = PBXFileReference; fileEncoding = 4; lastKnownFileType = sourcecode.c.h; name = FMIceLinkCallStats.h; path = lib/FMIceLinkCallStats.h; sourceTree = "<group>"; };
		EA82C3E320B55173007D0382 /* FMIceLinkCallStats.swift3.h */ = {isa = PBXFileReference; fileEncoding = 4; lastKnownFileType = sourcecode.c.h; name = FMIceLinkCallStats.swift3.h; path = lib/FMIceLinkCallStats.swift3.h; sourceTree = "<group>"; };
		EA82C3E820B551F6007D0382 /* FMWebSyncChat-Swift3.h */ = {isa = PBXFileReference; fileEncoding = 4; lastKnownFileType = sourcecode.c.h; name = "FMWebSyncChat-Swift3.h"; path = "lib/FMWebSyncChat-Swift3.h"; sourceTree = "<group>"; };
		EA82C3E920B551F6007D0382 /* FM-Swift3.h */ = {isa = PBXFileReference; fileEncoding = 4; lastKnownFileType = sourcecode.c.h; name = "FM-Swift3.h"; path = "lib/FM-Swift3.h"; sourceTree = "<group>"; };
		EA82C3EA20B551F6007D0382 /* FMWebSyncReturnData.h */ = {isa = PBXFileReference; fileEncoding = 4; lastKnownFileType = sourcecode.c.h; name = FMWebSyncReturnData.h; path = lib/FMWebSyncReturnData.h; sourceTree = "<group>"; };
		EA82C3EB20B551F7007D0382 /* libFMWebSyncChat.a */ = {isa = PBXFileReference; lastKnownFileType = archive.ar; name = libFMWebSyncChat.a; path = lib/libFMWebSyncChat.a; sourceTree = "<group>"; };
		EA82C3EC20B551F7007D0382 /* libFMWebSyncReturnData.a */ = {isa = PBXFileReference; lastKnownFileType = archive.ar; name = libFMWebSyncReturnData.a; path = lib/libFMWebSyncReturnData.a; sourceTree = "<group>"; };
		EA82C3ED20B551F7007D0382 /* FMWebSyncSubscribers-Swift3.h */ = {isa = PBXFileReference; fileEncoding = 4; lastKnownFileType = sourcecode.c.h; name = "FMWebSyncSubscribers-Swift3.h"; path = "lib/FMWebSyncSubscribers-Swift3.h"; sourceTree = "<group>"; };
		EA82C3EE20B551F7007D0382 /* FMWebSync-Swift3.h */ = {isa = PBXFileReference; fileEncoding = 4; lastKnownFileType = sourcecode.c.h; name = "FMWebSync-Swift3.h"; path = "lib/FMWebSync-Swift3.h"; sourceTree = "<group>"; };
		EA82C3EF20B551F8007D0382 /* libFM.a */ = {isa = PBXFileReference; lastKnownFileType = archive.ar; name = libFM.a; path = lib/libFM.a; sourceTree = "<group>"; };
		EA82C3F020B551F8007D0382 /* libFMWebSyncSubscribers.a */ = {isa = PBXFileReference; lastKnownFileType = archive.ar; name = libFMWebSyncSubscribers.a; path = lib/libFMWebSyncSubscribers.a; sourceTree = "<group>"; };
		EA82C3F120B551F8007D0382 /* FMWebSyncSubscribers.h */ = {isa = PBXFileReference; fileEncoding = 4; lastKnownFileType = sourcecode.c.h; name = FMWebSyncSubscribers.h; path = lib/FMWebSyncSubscribers.h; sourceTree = "<group>"; };
		EA82C3F220B551F8007D0382 /* FMWebSyncReturnData-Swift3.h */ = {isa = PBXFileReference; fileEncoding = 4; lastKnownFileType = sourcecode.c.h; name = "FMWebSyncReturnData-Swift3.h"; path = "lib/FMWebSyncReturnData-Swift3.h"; sourceTree = "<group>"; };
		EA82C3F320B551F9007D0382 /* FMWebSync.h */ = {isa = PBXFileReference; fileEncoding = 4; lastKnownFileType = sourcecode.c.h; name = FMWebSync.h; path = lib/FMWebSync.h; sourceTree = "<group>"; };
		EA82C3F420B551F9007D0382 /* FMWebSyncChat.h */ = {isa = PBXFileReference; fileEncoding = 4; lastKnownFileType = sourcecode.c.h; name = FMWebSyncChat.h; path = lib/FMWebSyncChat.h; sourceTree = "<group>"; };
		EA82C3F520B551F9007D0382 /* libFMWebSync.a */ = {isa = PBXFileReference; lastKnownFileType = archive.ar; name = libFMWebSync.a; path = lib/libFMWebSync.a; sourceTree = "<group>"; };
		EA8FC8CE208DB9560088A368 /* FMIceLink.h */ = {isa = PBXFileReference; fileEncoding = 4; lastKnownFileType = sourcecode.c.h; name = FMIceLink.h; path = lib/FMIceLink.h; sourceTree = "<group>"; };
		EA8FC8D1208DB9560088A368 /* FMIceLinkWebSync4.h */ = {isa = PBXFileReference; fileEncoding = 4; lastKnownFileType = sourcecode.c.h; name = FMIceLinkWebSync4.h; path = lib/FMIceLinkWebSync4.h; sourceTree = "<group>"; };
		EA8FC8D2208DB9560088A368 /* FMIceLinkCocoa.h */ = {isa = PBXFileReference; fileEncoding = 4; lastKnownFileType = sourcecode.c.h; name = FMIceLinkCocoa.h; path = lib/FMIceLinkCocoa.h; sourceTree = "<group>"; };
		EA8FC8D3208DB9560088A368 /* FMIceLinkVpx.swift3.h */ = {isa = PBXFileReference; fileEncoding = 4; lastKnownFileType = sourcecode.c.h; name = FMIceLinkVpx.swift3.h; path = lib/FMIceLinkVpx.swift3.h; sourceTree = "<group>"; };
		EA8FC8D4208DB9560088A368 /* libFMIceLinkOpus.a */ = {isa = PBXFileReference; lastKnownFileType = archive.ar; name = libFMIceLinkOpus.a; path = lib/libFMIceLinkOpus.a; sourceTree = "<group>"; };
		EA8FC8D5208DB9570088A368 /* libFMIceLinkYuv.a */ = {isa = PBXFileReference; lastKnownFileType = archive.ar; name = libFMIceLinkYuv.a; path = lib/libFMIceLinkYuv.a; sourceTree = "<group>"; };
		EA8FC8D6208DB9570088A368 /* FMIceLinkOpus.swift3.h */ = {isa = PBXFileReference; fileEncoding = 4; lastKnownFileType = sourcecode.c.h; name = FMIceLinkOpus.swift3.h; path = lib/FMIceLinkOpus.swift3.h; sourceTree = "<group>"; };
		EA8FC8D7208DB9570088A368 /* FMIceLinkCocoa.swift3.h */ = {isa = PBXFileReference; fileEncoding = 4; lastKnownFileType = sourcecode.c.h; name = FMIceLinkCocoa.swift3.h; path = lib/FMIceLinkCocoa.swift3.h; sourceTree = "<group>"; };
		EA8FC8D8208DB9570088A368 /* FMIceLinkWebSync4.swift3.h */ = {isa = PBXFileReference; fileEncoding = 4; lastKnownFileType = sourcecode.c.h; name = FMIceLinkWebSync4.swift3.h; path = lib/FMIceLinkWebSync4.swift3.h; sourceTree = "<group>"; };
		EA8FC8D9208DB9570088A368 /* libFMIceLink_arm64.a */ = {isa = PBXFileReference; lastKnownFileType = archive.ar; name = libFMIceLink_arm64.a; path = lib/libFMIceLink_arm64.a; sourceTree = "<group>"; };
		EA8FC8DA208DB9570088A368 /* FMIceLinkOpus.h */ = {isa = PBXFileReference; fileEncoding = 4; lastKnownFileType = sourcecode.c.h; name = FMIceLinkOpus.h; path = lib/FMIceLinkOpus.h; sourceTree = "<group>"; };
		EA8FC8DB208DB9570088A368 /* libFMIceLinkCocoa.a */ = {isa = PBXFileReference; lastKnownFileType = archive.ar; name = libFMIceLinkCocoa.a; path = lib/libFMIceLinkCocoa.a; sourceTree = "<group>"; };
		EA8FC8DC208DB9570088A368 /* FMIceLink.swift3.h */ = {isa = PBXFileReference; fileEncoding = 4; lastKnownFileType = sourcecode.c.h; name = FMIceLink.swift3.h; path = lib/FMIceLink.swift3.h; sourceTree = "<group>"; };
		EA8FC8DE208DB9580088A368 /* libFMIceLinkWebSync4.a */ = {isa = PBXFileReference; lastKnownFileType = archive.ar; name = libFMIceLinkWebSync4.a; path = lib/libFMIceLinkWebSync4.a; sourceTree = "<group>"; };
		EA8FC8E0208DB9580088A368 /* FMIceLinkVpx.h */ = {isa = PBXFileReference; fileEncoding = 4; lastKnownFileType = sourcecode.c.h; name = FMIceLinkVpx.h; path = lib/FMIceLinkVpx.h; sourceTree = "<group>"; };
		EA8FC8E1208DB9580088A368 /* libFMIceLink_armv7s.a */ = {isa = PBXFileReference; lastKnownFileType = archive.ar; name = libFMIceLink_armv7s.a; path = lib/libFMIceLink_armv7s.a; sourceTree = "<group>"; };
		EA8FC8E2208DB9580088A368 /* libFMIceLink_x86_64.a */ = {isa = PBXFileReference; lastKnownFileType = archive.ar; name = libFMIceLink_x86_64.a; path = lib/libFMIceLink_x86_64.a; sourceTree = "<group>"; };
		EA8FC8E4208DB9580088A368 /* libFMIceLink_armv7.a */ = {isa = PBXFileReference; lastKnownFileType = archive.ar; name = libFMIceLink_armv7.a; path = lib/libFMIceLink_armv7.a; sourceTree = "<group>"; };
		EA8FC8E5208DB9580088A368 /* FMIceLinkYuv.h */ = {isa = PBXFileReference; fileEncoding = 4; lastKnownFileType = sourcecode.c.h; name = FMIceLinkYuv.h; path = lib/FMIceLinkYuv.h; sourceTree = "<group>"; };
		EA8FC8E6208DB9590088A368 /* libFMIceLink_i386.a */ = {isa = PBXFileReference; lastKnownFileType = archive.ar; name = libFMIceLink_i386.a; path = lib/libFMIceLink_i386.a; sourceTree = "<group>"; };
		EA8FC8E7208DB9590088A368 /* libFMIceLinkVpx.a */ = {isa = PBXFileReference; lastKnownFileType = archive.ar; name = libFMIceLinkVpx.a; path = lib/libFMIceLinkVpx.a; sourceTree = "<group>"; };
		EA8FC8E9208DB9590088A368 /* FMIceLinkYuv.swift3.h */ = {isa = PBXFileReference; fileEncoding = 4; lastKnownFileType = sourcecode.c.h; name = FMIceLinkYuv.swift3.h; path = lib/FMIceLinkYuv.swift3.h; sourceTree = "<group>"; };
		EAD16201208DD201008D2C7D /* FM.h */ = {isa = PBXFileReference; fileEncoding = 4; lastKnownFileType = sourcecode.c.h; name = FM.h; path = lib/FM.h; sourceTree = "<group>"; };
/* End PBXFileReference section */

/* Begin PBXFrameworksBuildPhase section */
		0243DAE01ED75EF000CEE189 /* Frameworks */ = {
			isa = PBXFrameworksBuildPhase;
			buildActionMask = 2147483647;
			files = (
				EA82C3FD20B551F9007D0382 /* libFM.a in Frameworks */,
				EA82C3F920B551F9007D0382 /* libFMWebSyncChat.a in Frameworks */,
				EA8FC900208DB95A0088A368 /* libFMIceLink_armv7.a in Frameworks */,
				EA8FC8F0208DB9590088A368 /* libFMIceLinkOpus.a in Frameworks */,
				02CF28571ED767D200BB1729 /* libz.tbd in Frameworks */,
				EA82C40320B551F9007D0382 /* libFMWebSync.a in Frameworks */,
				EA8FC903208DB95A0088A368 /* libFMIceLinkVpx.a in Frameworks */,
				02CF28551ED767BC00BB1729 /* Foundation.framework in Frameworks */,
				02CF28531ED767B500BB1729 /* UIKit.framework in Frameworks */,
				EA8FC8F7208DB9590088A368 /* libFMIceLinkCocoa.a in Frameworks */,
				02CF28511ED7679400BB1729 /* CoreGraphics.framework in Frameworks */,
				EA8FC8F5208DB9590088A368 /* libFMIceLink_arm64.a in Frameworks */,
				EA8FC8FA208DB9590088A368 /* libFMIceLinkWebSync4.a in Frameworks */,
				EA8FC8FD208DB9590088A368 /* libFMIceLink_armv7s.a in Frameworks */,
				EA8FC8F1208DB9590088A368 /* libFMIceLinkYuv.a in Frameworks */,
				EA45B83420AB099F006D08FC /* libFMIceLinkXirSys.a in Frameworks */,
				02CF284F1ED7678600BB1729 /* CoreMedia.framework in Frameworks */,
				EA82C3FA20B551F9007D0382 /* libFMWebSyncReturnData.a in Frameworks */,
				EA82C3E420B55173007D0382 /* libFMIceLinkCallStats.a in Frameworks */,
				EA8FC902208DB95A0088A368 /* libFMIceLink_i386.a in Frameworks */,
				02CF284D1ED7678000BB1729 /* CoreVideo.framework in Frameworks */,
				02CF284B1ED7677200BB1729 /* Security.framework in Frameworks */,
				02CF28491ED7676800BB1729 /* CFNetwork.framework in Frameworks */,
				02CF28471ED7676100BB1729 /* AVFoundation.framework in Frameworks */,
				02CF28451ED7674F00BB1729 /* GLKit.framework in Frameworks */,
				02CF28431ED7674400BB1729 /* OpenGLES.framework in Frameworks */,
				02CF28411ED7673300BB1729 /* AudioToolbox.framework in Frameworks */,
				02CF283F1ED7672A00BB1729 /* VideoToolbox.framework in Frameworks */,
				EA8FC8FE208DB9590088A368 /* libFMIceLink_x86_64.a in Frameworks */,
				EA82C3FE20B551F9007D0382 /* libFMWebSyncSubscribers.a in Frameworks */,
			);
			runOnlyForDeploymentPostprocessing = 0;
		};
/* End PBXFrameworksBuildPhase section */

/* Begin PBXGroup section */
		0243DADA1ED75EF000CEE189 = {
			isa = PBXGroup;
			children = (
				0243DAE61ED75EF000CEE189 /* Icelink */,
				0243DAE51ED75EF000CEE189 /* Products */,
				02CF283D1ED7672A00BB1729 /* Frameworks */,
			);
			sourceTree = "<group>";
		};
		0243DAE51ED75EF000CEE189 /* Products */ = {
			isa = PBXGroup;
			children = (
				0243DAE41ED75EF000CEE189 /* Icelink.framework */,
			);
			name = Products;
			sourceTree = "<group>";
		};
		0243DAE61ED75EF000CEE189 /* Icelink */ = {
			isa = PBXGroup;
			children = (
				EA82C3EF20B551F8007D0382 /* libFM.a */,
				EA8FC8D9208DB9570088A368 /* libFMIceLink_arm64.a */,
				EA8FC8E4208DB9580088A368 /* libFMIceLink_armv7.a */,
				EA8FC8E1208DB9580088A368 /* libFMIceLink_armv7s.a */,
				EA8FC8E6208DB9590088A368 /* libFMIceLink_i386.a */,
				EA8FC8E2208DB9580088A368 /* libFMIceLink_x86_64.a */,
				EA82C3E020B55172007D0382 /* libFMIceLinkCallStats.a */,
				EA8FC8DB208DB9570088A368 /* libFMIceLinkCocoa.a */,
				EA8FC8D4208DB9560088A368 /* libFMIceLinkOpus.a */,
				EA8FC8E7208DB9590088A368 /* libFMIceLinkVpx.a */,
				EA8FC8DE208DB9580088A368 /* libFMIceLinkWebSync4.a */,
				EA45B83320AB099F006D08FC /* libFMIceLinkXirSys.a */,
				EA8FC8D5208DB9570088A368 /* libFMIceLinkYuv.a */,
				EA82C3F520B551F9007D0382 /* libFMWebSync.a */,
				EA82C3EB20B551F7007D0382 /* libFMWebSyncChat.a */,
				EA82C3EC20B551F7007D0382 /* libFMWebSyncReturnData.a */,
				EA82C3F020B551F8007D0382 /* libFMWebSyncSubscribers.a */,
				EA82C3E920B551F6007D0382 /* FM-Swift3.h */,
				EAD16201208DD201008D2C7D /* FM.h */,
				EA8FC8CE208DB9560088A368 /* FMIceLink.h */,
				EA8FC8DC208DB9570088A368 /* FMIceLink.swift3.h */,
				EA82C3E220B55172007D0382 /* FMIceLinkCallStats.h */,
				EA82C3E320B55173007D0382 /* FMIceLinkCallStats.swift3.h */,
				EA8FC8D2208DB9560088A368 /* FMIceLinkCocoa.h */,
				EA8FC8D7208DB9570088A368 /* FMIceLinkCocoa.swift3.h */,
				EA8FC8DA208DB9570088A368 /* FMIceLinkOpus.h */,
				EA8FC8D6208DB9570088A368 /* FMIceLinkOpus.swift3.h */,
				EA8FC8E0208DB9580088A368 /* FMIceLinkVpx.h */,
				EA8FC8D3208DB9560088A368 /* FMIceLinkVpx.swift3.h */,
				EA8FC8D1208DB9560088A368 /* FMIceLinkWebSync4.h */,
				EA8FC8D8208DB9570088A368 /* FMIceLinkWebSync4.swift3.h */,
				EA82C3E120B55172007D0382 /* FMIceLinkXirSys.h */,
				EA45B83120AB093E006D08FC /* FMIceLinkXirSys.swift3.h */,
				EA8FC8E5208DB9580088A368 /* FMIceLinkYuv.h */,
				EA8FC8E9208DB9590088A368 /* FMIceLinkYuv.swift3.h */,
				EA82C3EE20B551F7007D0382 /* FMWebSync-Swift3.h */,
				EA82C3F320B551F9007D0382 /* FMWebSync.h */,
				EA82C3E820B551F6007D0382 /* FMWebSyncChat-Swift3.h */,
				EA82C3F420B551F9007D0382 /* FMWebSyncChat.h */,
				EA82C3F220B551F8007D0382 /* FMWebSyncReturnData-Swift3.h */,
				EA82C3EA20B551F6007D0382 /* FMWebSyncReturnData.h */,
				EA82C3ED20B551F7007D0382 /* FMWebSyncSubscribers-Swift3.h */,
				EA82C3F120B551F8007D0382 /* FMWebSyncSubscribers.h */,
				0243DAE71ED75EF000CEE189 /* Icelink.h */,
				0243DAE81ED75EF000CEE189 /* Info.plist */,
			);
			path = Icelink;
			sourceTree = "<group>";
		};
		02CF283D1ED7672A00BB1729 /* Frameworks */ = {
			isa = PBXGroup;
			children = (
				02CF28561ED767D200BB1729 /* libz.tbd */,
				02CF28541ED767BC00BB1729 /* Foundation.framework */,
				02CF28521ED767B500BB1729 /* UIKit.framework */,
				02CF28501ED7679400BB1729 /* CoreGraphics.framework */,
				02CF284E1ED7678600BB1729 /* CoreMedia.framework */,
				02CF284C1ED7678000BB1729 /* CoreVideo.framework */,
				02CF284A1ED7677200BB1729 /* Security.framework */,
				02CF28481ED7676800BB1729 /* CFNetwork.framework */,
				02CF28461ED7676100BB1729 /* AVFoundation.framework */,
				02CF28441ED7674F00BB1729 /* GLKit.framework */,
				02CF28421ED7674400BB1729 /* OpenGLES.framework */,
				02CF28401ED7673300BB1729 /* AudioToolbox.framework */,
				02CF283E1ED7672A00BB1729 /* VideoToolbox.framework */,
			);
			name = Frameworks;
			sourceTree = "<group>";
		};
/* End PBXGroup section */

/* Begin PBXHeadersBuildPhase section */
		0243DAE11ED75EF000CEE189 /* Headers */ = {
			isa = PBXHeadersBuildPhase;
			buildActionMask = 2147483647;
			files = (
				0243DAE91ED75EF000CEE189 /* Icelink.h in Headers */,
				EA8FC8F2208DB9590088A368 /* FMIceLinkOpus.swift3.h in Headers */,
				EA8FC8EE208DB9590088A368 /* FMIceLinkCocoa.h in Headers */,
				EA8FC8EA208DB9590088A368 /* FMIceLink.h in Headers */,
				EA8FC8ED208DB9590088A368 /* FMIceLinkWebSync4.h in Headers */,
				EA8FC8EF208DB9590088A368 /* FMIceLinkVpx.swift3.h in Headers */,
				EA8FC8F3208DB9590088A368 /* FMIceLinkCocoa.swift3.h in Headers */,
				EA82C3E720B55173007D0382 /* FMIceLinkCallStats.swift3.h in Headers */,
				EA82C3F820B551F9007D0382 /* FMWebSyncReturnData.h in Headers */,
				EA82C40120B551F9007D0382 /* FMWebSync.h in Headers */,
				EA82C3FF20B551F9007D0382 /* FMWebSyncSubscribers.h in Headers */,
				EA82C3F620B551F9007D0382 /* FMWebSyncChat-Swift3.h in Headers */,
				EA82C3F720B551F9007D0382 /* FM-Swift3.h in Headers */,
				EA82C3FB20B551F9007D0382 /* FMWebSyncSubscribers-Swift3.h in Headers */,
				EA82C3E620B55173007D0382 /* FMIceLinkCallStats.h in Headers */,
				EA82C3FC20B551F9007D0382 /* FMWebSync-Swift3.h in Headers */,
				EA82C3E520B55173007D0382 /* FMIceLinkXirSys.h in Headers */,
				EA82C40020B551F9007D0382 /* FMWebSyncReturnData-Swift3.h in Headers */,
				EA82C40220B551F9007D0382 /* FMWebSyncChat.h in Headers */,
				EA8FC8FC208DB9590088A368 /* FMIceLinkVpx.h in Headers */,
				EA8FC8F6208DB9590088A368 /* FMIceLinkOpus.h in Headers */,
				EAD16202208DD201008D2C7D /* FM.h in Headers */,
				EA8FC8F8208DB9590088A368 /* FMIceLink.swift3.h in Headers */,
				EA8FC905208DB95A0088A368 /* FMIceLinkYuv.swift3.h in Headers */,
				EA8FC8F4208DB9590088A368 /* FMIceLinkWebSync4.swift3.h in Headers */,
				EA45B83220AB093E006D08FC /* FMIceLinkXirSys.swift3.h in Headers */,
				EA8FC901208DB95A0088A368 /* FMIceLinkYuv.h in Headers */,
			);
			runOnlyForDeploymentPostprocessing = 0;
		};
/* End PBXHeadersBuildPhase section */

/* Begin PBXNativeTarget section */
		0243DAE31ED75EF000CEE189 /* Icelink */ = {
			isa = PBXNativeTarget;
			buildConfigurationList = 0243DAEC1ED75EF000CEE189 /* Build configuration list for PBXNativeTarget "Icelink" */;
			buildPhases = (
				0243DADF1ED75EF000CEE189 /* Sources */,
				0243DAE01ED75EF000CEE189 /* Frameworks */,
				0243DAE11ED75EF000CEE189 /* Headers */,
				0243DAE21ED75EF000CEE189 /* Resources */,
			);
			buildRules = (
			);
			dependencies = (
			);
			name = Icelink;
			productName = Icelink;
			productReference = 0243DAE41ED75EF000CEE189 /* Icelink.framework */;
			productType = "com.apple.product-type.framework";
		};
/* End PBXNativeTarget section */

/* Begin PBXProject section */
		0243DADB1ED75EF000CEE189 /* Project object */ = {
			isa = PBXProject;
			attributes = {
				LastUpgradeCheck = 0830;
				ORGANIZATIONNAME = "Netguru Sp. z o.o";
				TargetAttributes = {
					0243DAE31ED75EF000CEE189 = {
						CreatedOnToolsVersion = 8.3.1;
						DevelopmentTeam = 85748U22PR;
						ProvisioningStyle = Manual;
					};
				};
			};
			buildConfigurationList = 0243DADE1ED75EF000CEE189 /* Build configuration list for PBXProject "Icelink" */;
			compatibilityVersion = "Xcode 3.2";
			developmentRegion = English;
			hasScannedForEncodings = 0;
			knownRegions = (
				en,
				Base,
			);
			mainGroup = 0243DADA1ED75EF000CEE189;
			productRefGroup = 0243DAE51ED75EF000CEE189 /* Products */;
			projectDirPath = "";
			projectRoot = "";
			targets = (
				0243DAE31ED75EF000CEE189 /* Icelink */,
			);
		};
/* End PBXProject section */

/* Begin PBXResourcesBuildPhase section */
		0243DAE21ED75EF000CEE189 /* Resources */ = {
			isa = PBXResourcesBuildPhase;
			buildActionMask = 2147483647;
			files = (
			);
			runOnlyForDeploymentPostprocessing = 0;
		};
/* End PBXResourcesBuildPhase section */

/* Begin PBXSourcesBuildPhase section */
		0243DADF1ED75EF000CEE189 /* Sources */ = {
			isa = PBXSourcesBuildPhase;
			buildActionMask = 2147483647;
			files = (
			);
			runOnlyForDeploymentPostprocessing = 0;
		};
/* End PBXSourcesBuildPhase section */

/* Begin XCBuildConfiguration section */
		0243DAEA1ED75EF000CEE189 /* Debug */ = {
			isa = XCBuildConfiguration;
			buildSettings = {
				ALWAYS_SEARCH_USER_PATHS = NO;
				CLANG_ANALYZER_NONNULL = YES;
				CLANG_ANALYZER_NUMBER_OBJECT_CONVERSION = YES_AGGRESSIVE;
				CLANG_CXX_LANGUAGE_STANDARD = "gnu++0x";
				CLANG_CXX_LIBRARY = "libc++";
				CLANG_ENABLE_MODULES = YES;
				CLANG_ENABLE_OBJC_ARC = YES;
				CLANG_WARN_BOOL_CONVERSION = YES;
				CLANG_WARN_CONSTANT_CONVERSION = YES;
				CLANG_WARN_DIRECT_OBJC_ISA_USAGE = YES_ERROR;
				CLANG_WARN_DOCUMENTATION_COMMENTS = YES;
				CLANG_WARN_EMPTY_BODY = YES;
				CLANG_WARN_ENUM_CONVERSION = YES;
				CLANG_WARN_INFINITE_RECURSION = YES;
				CLANG_WARN_INT_CONVERSION = YES;
				CLANG_WARN_OBJC_ROOT_CLASS = YES_ERROR;
				CLANG_WARN_SUSPICIOUS_MOVE = YES;
				CLANG_WARN_UNREACHABLE_CODE = YES;
				CLANG_WARN__DUPLICATE_METHOD_MATCH = YES;
				"CODE_SIGN_IDENTITY[sdk=iphoneos*]" = "iPhone Developer";
				COPY_PHASE_STRIP = NO;
				CURRENT_PROJECT_VERSION = 1;
				DEBUG_INFORMATION_FORMAT = dwarf;
				ENABLE_STRICT_OBJC_MSGSEND = YES;
				ENABLE_TESTABILITY = YES;
				GCC_C_LANGUAGE_STANDARD = gnu99;
				GCC_DYNAMIC_NO_PIC = NO;
				GCC_NO_COMMON_BLOCKS = YES;
				GCC_OPTIMIZATION_LEVEL = 0;
				GCC_PREPROCESSOR_DEFINITIONS = (
					"DEBUG=1",
					"$(inherited)",
				);
				GCC_WARN_64_TO_32_BIT_CONVERSION = YES;
				GCC_WARN_ABOUT_RETURN_TYPE = YES_ERROR;
				GCC_WARN_UNDECLARED_SELECTOR = YES;
				GCC_WARN_UNINITIALIZED_AUTOS = YES_AGGRESSIVE;
				GCC_WARN_UNUSED_FUNCTION = YES;
				GCC_WARN_UNUSED_VARIABLE = YES;
				IPHONEOS_DEPLOYMENT_TARGET = 9.0;
				MTL_ENABLE_DEBUG_INFO = YES;
				ONLY_ACTIVE_ARCH = YES;
				SDKROOT = iphoneos;
				TARGETED_DEVICE_FAMILY = "1,2";
				VERSIONING_SYSTEM = "apple-generic";
				VERSION_INFO_PREFIX = "";
			};
			name = Debug;
		};
		0243DAEB1ED75EF000CEE189 /* Release */ = {
			isa = XCBuildConfiguration;
			buildSettings = {
				ALWAYS_SEARCH_USER_PATHS = NO;
				CLANG_ANALYZER_NONNULL = YES;
				CLANG_ANALYZER_NUMBER_OBJECT_CONVERSION = YES_AGGRESSIVE;
				CLANG_CXX_LANGUAGE_STANDARD = "gnu++0x";
				CLANG_CXX_LIBRARY = "libc++";
				CLANG_ENABLE_MODULES = YES;
				CLANG_ENABLE_OBJC_ARC = YES;
				CLANG_WARN_BOOL_CONVERSION = YES;
				CLANG_WARN_CONSTANT_CONVERSION = YES;
				CLANG_WARN_DIRECT_OBJC_ISA_USAGE = YES_ERROR;
				CLANG_WARN_DOCUMENTATION_COMMENTS = YES;
				CLANG_WARN_EMPTY_BODY = YES;
				CLANG_WARN_ENUM_CONVERSION = YES;
				CLANG_WARN_INFINITE_RECURSION = YES;
				CLANG_WARN_INT_CONVERSION = YES;
				CLANG_WARN_OBJC_ROOT_CLASS = YES_ERROR;
				CLANG_WARN_SUSPICIOUS_MOVE = YES;
				CLANG_WARN_UNREACHABLE_CODE = YES;
				CLANG_WARN__DUPLICATE_METHOD_MATCH = YES;
				"CODE_SIGN_IDENTITY[sdk=iphoneos*]" = "iPhone Developer";
				COPY_PHASE_STRIP = NO;
				CURRENT_PROJECT_VERSION = 1;
				DEBUG_INFORMATION_FORMAT = "dwarf-with-dsym";
				ENABLE_NS_ASSERTIONS = NO;
				ENABLE_STRICT_OBJC_MSGSEND = YES;
				GCC_C_LANGUAGE_STANDARD = gnu99;
				GCC_NO_COMMON_BLOCKS = YES;
				GCC_WARN_64_TO_32_BIT_CONVERSION = YES;
				GCC_WARN_ABOUT_RETURN_TYPE = YES_ERROR;
				GCC_WARN_UNDECLARED_SELECTOR = YES;
				GCC_WARN_UNINITIALIZED_AUTOS = YES_AGGRESSIVE;
				GCC_WARN_UNUSED_FUNCTION = YES;
				GCC_WARN_UNUSED_VARIABLE = YES;
				IPHONEOS_DEPLOYMENT_TARGET = 9.0;
				MTL_ENABLE_DEBUG_INFO = NO;
				SDKROOT = iphoneos;
				TARGETED_DEVICE_FAMILY = "1,2";
				VALIDATE_PRODUCT = YES;
				VERSIONING_SYSTEM = "apple-generic";
				VERSION_INFO_PREFIX = "";
			};
			name = Release;
		};
		0243DAED1ED75EF000CEE189 /* Debug */ = {
			isa = XCBuildConfiguration;
			buildSettings = {
				CODE_SIGN_IDENTITY = "";
				DEFINES_MODULE = YES;
				DEVELOPMENT_TEAM = 85748U22PR;
				DYLIB_COMPATIBILITY_VERSION = 1;
				DYLIB_CURRENT_VERSION = 1;
				DYLIB_INSTALL_NAME_BASE = "@rpath";
				FRAMEWORK_SEARCH_PATHS = "$(PROJECT_DIR)/Icelink/lib";
				INFOPLIST_FILE = Icelink/Info.plist;
				INSTALL_PATH = "$(LOCAL_LIBRARY_DIR)/Frameworks";
				IPHONEOS_DEPLOYMENT_TARGET = 9.0;
				LD_RUNPATH_SEARCH_PATHS = "$(inherited) @executable_path/Frameworks @loader_path/Frameworks";
				LIBRARY_SEARCH_PATHS = (
					"$(inherited)",
					"$(PROJECT_DIR)/Icelink/lib",
				);
				OTHER_LDFLAGS = "-ObjC";
				PRODUCT_BUNDLE_IDENTIFIER = co.netguru.roboteam.Icelink;
				PRODUCT_NAME = "$(TARGET_NAME)";
				PROVISIONING_PROFILE_SPECIFIER = "";
				SKIP_INSTALL = YES;
				USER_HEADER_SEARCH_PATHS = "${PROJECT_DIR}/Icelink/lib";
			};
			name = Debug;
		};
		0243DAEE1ED75EF000CEE189 /* Release */ = {
			isa = XCBuildConfiguration;
			buildSettings = {
				CODE_SIGN_IDENTITY = "";
				DEFINES_MODULE = YES;
				DEVELOPMENT_TEAM = 85748U22PR;
				DYLIB_COMPATIBILITY_VERSION = 1;
				DYLIB_CURRENT_VERSION = 1;
				DYLIB_INSTALL_NAME_BASE = "@rpath";
				FRAMEWORK_SEARCH_PATHS = "$(PROJECT_DIR)/Icelink/lib";
				INFOPLIST_FILE = Icelink/Info.plist;
				INSTALL_PATH = "$(LOCAL_LIBRARY_DIR)/Frameworks";
				IPHONEOS_DEPLOYMENT_TARGET = 9.0;
				LD_RUNPATH_SEARCH_PATHS = "$(inherited) @executable_path/Frameworks @loader_path/Frameworks";
				LIBRARY_SEARCH_PATHS = (
					"$(inherited)",
					"$(PROJECT_DIR)/Icelink/lib",
				);
				OTHER_LDFLAGS = "-ObjC";
				PRODUCT_BUNDLE_IDENTIFIER = co.netguru.roboteam.Icelink;
				PRODUCT_NAME = "$(TARGET_NAME)";
				PROVISIONING_PROFILE_SPECIFIER = "";
				SKIP_INSTALL = YES;
				USER_HEADER_SEARCH_PATHS = "${PROJECT_DIR}/Icelink/lib";
			};
			name = Release;
		};
/* End XCBuildConfiguration section */

/* Begin XCConfigurationList section */
		0243DADE1ED75EF000CEE189 /* Build configuration list for PBXProject "Icelink" */ = {
			isa = XCConfigurationList;
			buildConfigurations = (
				0243DAEA1ED75EF000CEE189 /* Debug */,
				0243DAEB1ED75EF000CEE189 /* Release */,
			);
			defaultConfigurationIsVisible = 0;
			defaultConfigurationName = Release;
		};
		0243DAEC1ED75EF000CEE189 /* Build configuration list for PBXNativeTarget "Icelink" */ = {
			isa = XCConfigurationList;
			buildConfigurations = (
				0243DAED1ED75EF000CEE189 /* Debug */,
				0243DAEE1ED75EF000CEE189 /* Release */,
			);
			defaultConfigurationIsVisible = 0;
			defaultConfigurationName = Release;
		};
/* End XCConfigurationList section */
	};
	rootObject = 0243DADB1ED75EF000CEE189 /* Project object */;
}
